// !$*UTF8*$!
{
	archiveVersion = 1;
	classes = {
	};
	objectVersion = 56;
	objects = {

/* Begin PBXBuildFile section */
		76C204772A1B62CE00DD8740 /* InfoView.swift in Sources */ = {isa = PBXBuildFile; fileRef = 76C204762A1B62CE00DD8740 /* InfoView.swift */; };
		76C2047B2A1B765100DD8740 /* TextStyle.swift in Sources */ = {isa = PBXBuildFile; fileRef = 76C2047A2A1B765100DD8740 /* TextStyle.swift */; };
		76DC21E92A176DB60038D0C8 /* FlowerIDApp.swift in Sources */ = {isa = PBXBuildFile; fileRef = 76DC21E82A176DB60038D0C8 /* FlowerIDApp.swift */; };
		76DC21EB2A176DB60038D0C8 /* ContentView.swift in Sources */ = {isa = PBXBuildFile; fileRef = 76DC21EA2A176DB60038D0C8 /* ContentView.swift */; };
		76DC21ED2A176DB80038D0C8 /* Assets.xcassets in Resources */ = {isa = PBXBuildFile; fileRef = 76DC21EC2A176DB80038D0C8 /* Assets.xcassets */; };
		76DC21F02A176DB80038D0C8 /* Preview Assets.xcassets in Resources */ = {isa = PBXBuildFile; fileRef = 76DC21EF2A176DB80038D0C8 /* Preview Assets.xcassets */; };
		76DC21F72A19D3FB0038D0C8 /* CameraView.swift in Sources */ = {isa = PBXBuildFile; fileRef = 76DC21F62A19D3FB0038D0C8 /* CameraView.swift */; };
		76DC21F92A19D80B0038D0C8 /* CameraService.swift in Sources */ = {isa = PBXBuildFile; fileRef = 76DC21F82A19D80B0038D0C8 /* CameraService.swift */; };
		76F295352A1D26AC009AE42B /* FlowerClass.mlmodel in Sources */ = {isa = PBXBuildFile; fileRef = 76F295342A1D26AC009AE42B /* FlowerClass.mlmodel */; };
		76F295412A1F6C01009AE42B /* SplashScreen.swift in Sources */ = {isa = PBXBuildFile; fileRef = 76F295402A1F6C01009AE42B /* SplashScreen.swift */; };
/* End PBXBuildFile section */

/* Begin PBXFileReference section */
		76C204762A1B62CE00DD8740 /* InfoView.swift */ = {isa = PBXFileReference; lastKnownFileType = sourcecode.swift; path = InfoView.swift; sourceTree = "<group>"; };
		76C2047A2A1B765100DD8740 /* TextStyle.swift */ = {isa = PBXFileReference; lastKnownFileType = sourcecode.swift; path = TextStyle.swift; sourceTree = "<group>"; };
		76DC21E52A176DB60038D0C8 /* FlowerID.app */ = {isa = PBXFileReference; explicitFileType = wrapper.application; includeInIndex = 0; path = FlowerID.app; sourceTree = BUILT_PRODUCTS_DIR; };
		76DC21E82A176DB60038D0C8 /* FlowerIDApp.swift */ = {isa = PBXFileReference; lastKnownFileType = sourcecode.swift; path = FlowerIDApp.swift; sourceTree = "<group>"; };
		76DC21EA2A176DB60038D0C8 /* ContentView.swift */ = {isa = PBXFileReference; lastKnownFileType = sourcecode.swift; path = ContentView.swift; sourceTree = "<group>"; };
		76DC21EC2A176DB80038D0C8 /* Assets.xcassets */ = {isa = PBXFileReference; lastKnownFileType = folder.assetcatalog; path = Assets.xcassets; sourceTree = "<group>"; };
		76DC21EF2A176DB80038D0C8 /* Preview Assets.xcassets */ = {isa = PBXFileReference; lastKnownFileType = folder.assetcatalog; path = "Preview Assets.xcassets"; sourceTree = "<group>"; };
		76DC21F62A19D3FB0038D0C8 /* CameraView.swift */ = {isa = PBXFileReference; lastKnownFileType = sourcecode.swift; path = CameraView.swift; sourceTree = "<group>"; };
		76DC21F82A19D80B0038D0C8 /* CameraService.swift */ = {isa = PBXFileReference; lastKnownFileType = sourcecode.swift; path = CameraService.swift; sourceTree = "<group>"; };
		76F295342A1D26AC009AE42B /* FlowerClass.mlmodel */ = {isa = PBXFileReference; lastKnownFileType = file.mlmodel; path = FlowerClass.mlmodel; sourceTree = "<group>"; };
		76F295402A1F6C01009AE42B /* SplashScreen.swift */ = {isa = PBXFileReference; lastKnownFileType = sourcecode.swift; path = SplashScreen.swift; sourceTree = "<group>"; };
/* End PBXFileReference section */

/* Begin PBXFrameworksBuildPhase section */
		76DC21E22A176DB60038D0C8 /* Frameworks */ = {
			isa = PBXFrameworksBuildPhase;
			buildActionMask = 2147483647;
			files = (
			);
			runOnlyForDeploymentPostprocessing = 0;
		};
/* End PBXFrameworksBuildPhase section */

/* Begin PBXGroup section */
		76DC21DC2A176DB60038D0C8 = {
			isa = PBXGroup;
			children = (
				76DC21E72A176DB60038D0C8 /* FlowerID */,
				76DC21E62A176DB60038D0C8 /* Products */,
			);
			sourceTree = "<group>";
		};
		76DC21E62A176DB60038D0C8 /* Products */ = {
			isa = PBXGroup;
			children = (
				76DC21E52A176DB60038D0C8 /* FlowerID.app */,
			);
			name = Products;
			sourceTree = "<group>";
		};
		76DC21E72A176DB60038D0C8 /* FlowerID */ = {
			isa = PBXGroup;
			children = (
				76DC21E82A176DB60038D0C8 /* FlowerIDApp.swift */,
				76F295402A1F6C01009AE42B /* SplashScreen.swift */,
				76DC21EA2A176DB60038D0C8 /* ContentView.swift */,
				76DC21F82A19D80B0038D0C8 /* CameraService.swift */,
				76DC21F62A19D3FB0038D0C8 /* CameraView.swift */,
				76C204762A1B62CE00DD8740 /* InfoView.swift */,
				76C2047A2A1B765100DD8740 /* TextStyle.swift */,
				76DC21EC2A176DB80038D0C8 /* Assets.xcassets */,
				76F295342A1D26AC009AE42B /* FlowerClass.mlmodel */,
				76DC21EE2A176DB80038D0C8 /* Preview Content */,
			);
			path = FlowerID;
			sourceTree = "<group>";
		};
		76DC21EE2A176DB80038D0C8 /* Preview Content */ = {
			isa = PBXGroup;
			children = (
				76DC21EF2A176DB80038D0C8 /* Preview Assets.xcassets */,
			);
			path = "Preview Content";
			sourceTree = "<group>";
		};
/* End PBXGroup section */

/* Begin PBXNativeTarget section */
		76DC21E42A176DB60038D0C8 /* FlowerID */ = {
			isa = PBXNativeTarget;
			buildConfigurationList = 76DC21F32A176DB80038D0C8 /* Build configuration list for PBXNativeTarget "FlowerID" */;
			buildPhases = (
				76DC21E12A176DB60038D0C8 /* Sources */,
				76DC21E22A176DB60038D0C8 /* Frameworks */,
				76DC21E32A176DB60038D0C8 /* Resources */,
			);
			buildRules = (
			);
			dependencies = (
			);
			name = FlowerID;
			productName = FlowerID;
			productReference = 76DC21E52A176DB60038D0C8 /* FlowerID.app */;
			productType = "com.apple.product-type.application";
		};
/* End PBXNativeTarget section */

/* Begin PBXProject section */
		76DC21DD2A176DB60038D0C8 /* Project object */ = {
			isa = PBXProject;
			attributes = {
				BuildIndependentTargetsInParallel = 1;
				LastSwiftUpdateCheck = 1420;
				LastUpgradeCheck = 1420;
				TargetAttributes = {
					76DC21E42A176DB60038D0C8 = {
						CreatedOnToolsVersion = 14.2;
					};
				};
			};
			buildConfigurationList = 76DC21E02A176DB60038D0C8 /* Build configuration list for PBXProject "FlowerID" */;
			compatibilityVersion = "Xcode 14.0";
			developmentRegion = en;
			hasScannedForEncodings = 0;
			knownRegions = (
				en,
				Base,
			);
			mainGroup = 76DC21DC2A176DB60038D0C8;
			productRefGroup = 76DC21E62A176DB60038D0C8 /* Products */;
			projectDirPath = "";
			projectRoot = "";
			targets = (
				76DC21E42A176DB60038D0C8 /* FlowerID */,
			);
		};
/* End PBXProject section */

/* Begin PBXResourcesBuildPhase section */
		76DC21E32A176DB60038D0C8 /* Resources */ = {
			isa = PBXResourcesBuildPhase;
			buildActionMask = 2147483647;
			files = (
				76DC21F02A176DB80038D0C8 /* Preview Assets.xcassets in Resources */,
				76DC21ED2A176DB80038D0C8 /* Assets.xcassets in Resources */,
			);
			runOnlyForDeploymentPostprocessing = 0;
		};
/* End PBXResourcesBuildPhase section */

/* Begin PBXSourcesBuildPhase section */
		76DC21E12A176DB60038D0C8 /* Sources */ = {
			isa = PBXSourcesBuildPhase;
			buildActionMask = 2147483647;
			files = (
				76F295412A1F6C01009AE42B /* SplashScreen.swift in Sources */,
				76DC21F72A19D3FB0038D0C8 /* CameraView.swift in Sources */,
				76DC21F92A19D80B0038D0C8 /* CameraService.swift in Sources */,
				76F295352A1D26AC009AE42B /* FlowerClass.mlmodel in Sources */,
				76C2047B2A1B765100DD8740 /* TextStyle.swift in Sources */,
				76DC21EB2A176DB60038D0C8 /* ContentView.swift in Sources */,
				76C204772A1B62CE00DD8740 /* InfoView.swift in Sources */,
				76DC21E92A176DB60038D0C8 /* FlowerIDApp.swift in Sources */,
			);
			runOnlyForDeploymentPostprocessing = 0;
		};
/* End PBXSourcesBuildPhase section */

/* Begin XCBuildConfiguration section */
		76DC21F12A176DB80038D0C8 /* Debug */ = {
			isa = XCBuildConfiguration;
			buildSettings = {
				ALWAYS_SEARCH_USER_PATHS = NO;
				CLANG_ANALYZER_NONNULL = YES;
				CLANG_ANALYZER_NUMBER_OBJECT_CONVERSION = YES_AGGRESSIVE;
				CLANG_CXX_LANGUAGE_STANDARD = "gnu++20";
				CLANG_ENABLE_MODULES = YES;
				CLANG_ENABLE_OBJC_ARC = YES;
				CLANG_ENABLE_OBJC_WEAK = YES;
				CLANG_WARN_BLOCK_CAPTURE_AUTORELEASING = YES;
				CLANG_WARN_BOOL_CONVERSION = YES;
				CLANG_WARN_COMMA = YES;
				CLANG_WARN_CONSTANT_CONVERSION = YES;
				CLANG_WARN_DEPRECATED_OBJC_IMPLEMENTATIONS = YES;
				CLANG_WARN_DIRECT_OBJC_ISA_USAGE = YES_ERROR;
				CLANG_WARN_DOCUMENTATION_COMMENTS = YES;
				CLANG_WARN_EMPTY_BODY = YES;
				CLANG_WARN_ENUM_CONVERSION = YES;
				CLANG_WARN_INFINITE_RECURSION = YES;
				CLANG_WARN_INT_CONVERSION = YES;
				CLANG_WARN_NON_LITERAL_NULL_CONVERSION = YES;
				CLANG_WARN_OBJC_IMPLICIT_RETAIN_SELF = YES;
				CLANG_WARN_OBJC_LITERAL_CONVERSION = YES;
				CLANG_WARN_OBJC_ROOT_CLASS = YES_ERROR;
				CLANG_WARN_QUOTED_INCLUDE_IN_FRAMEWORK_HEADER = YES;
				CLANG_WARN_RANGE_LOOP_ANALYSIS = YES;
				CLANG_WARN_STRICT_PROTOTYPES = YES;
				CLANG_WARN_SUSPICIOUS_MOVE = YES;
				CLANG_WARN_UNGUARDED_AVAILABILITY = YES_AGGRESSIVE;
				CLANG_WARN_UNREACHABLE_CODE = YES;
				CLANG_WARN__DUPLICATE_METHOD_MATCH = YES;
				COPY_PHASE_STRIP = NO;
				DEBUG_INFORMATION_FORMAT = dwarf;
				ENABLE_STRICT_OBJC_MSGSEND = YES;
				ENABLE_TESTABILITY = YES;
				GCC_C_LANGUAGE_STANDARD = gnu11;
				GCC_DYNAMIC_NO_PIC = NO;
				GCC_NO_COMMON_BLOCKS = YES;
				GCC_OPTIMIZATION_LEVEL = 0;
				GCC_PREPROCESSOR_DEFINITIONS = (
					"DEBUG=1",
					"$(inherited)",
				);
				GCC_WARN_64_TO_32_BIT_CONVERSION = YES;
				GCC_WARN_ABOUT_RETURN_TYPE = YES_ERROR;
				GCC_WARN_UNDECLARED_SELECTOR = YES;
				GCC_WARN_UNINITIALIZED_AUTOS = YES_AGGRESSIVE;
				GCC_WARN_UNUSED_FUNCTION = YES;
				GCC_WARN_UNUSED_VARIABLE = YES;
				IPHONEOS_DEPLOYMENT_TARGET = 16.0;
				MTL_ENABLE_DEBUG_INFO = INCLUDE_SOURCE;
				MTL_FAST_MATH = YES;
				ONLY_ACTIVE_ARCH = YES;
				SDKROOT = iphoneos;
				SWIFT_ACTIVE_COMPILATION_CONDITIONS = DEBUG;
				SWIFT_OPTIMIZATION_LEVEL = "-Onone";
			};
			name = Debug;
		};
		76DC21F22A176DB80038D0C8 /* Release */ = {
			isa = XCBuildConfiguration;
			buildSettings = {
				ALWAYS_SEARCH_USER_PATHS = NO;
				CLANG_ANALYZER_NONNULL = YES;
				CLANG_ANALYZER_NUMBER_OBJECT_CONVERSION = YES_AGGRESSIVE;
				CLANG_CXX_LANGUAGE_STANDARD = "gnu++20";
				CLANG_ENABLE_MODULES = YES;
				CLANG_ENABLE_OBJC_ARC = YES;
				CLANG_ENABLE_OBJC_WEAK = YES;
				CLANG_WARN_BLOCK_CAPTURE_AUTORELEASING = YES;
				CLANG_WARN_BOOL_CONVERSION = YES;
				CLANG_WARN_COMMA = YES;
				CLANG_WARN_CONSTANT_CONVERSION = YES;
				CLANG_WARN_DEPRECATED_OBJC_IMPLEMENTATIONS = YES;
				CLANG_WARN_DIRECT_OBJC_ISA_USAGE = YES_ERROR;
				CLANG_WARN_DOCUMENTATION_COMMENTS = YES;
				CLANG_WARN_EMPTY_BODY = YES;
				CLANG_WARN_ENUM_CONVERSION = YES;
				CLANG_WARN_INFINITE_RECURSION = YES;
				CLANG_WARN_INT_CONVERSION = YES;
				CLANG_WARN_NON_LITERAL_NULL_CONVERSION = YES;
				CLANG_WARN_OBJC_IMPLICIT_RETAIN_SELF = YES;
				CLANG_WARN_OBJC_LITERAL_CONVERSION = YES;
				CLANG_WARN_OBJC_ROOT_CLASS = YES_ERROR;
				CLANG_WARN_QUOTED_INCLUDE_IN_FRAMEWORK_HEADER = YES;
				CLANG_WARN_RANGE_LOOP_ANALYSIS = YES;
				CLANG_WARN_STRICT_PROTOTYPES = YES;
				CLANG_WARN_SUSPICIOUS_MOVE = YES;
				CLANG_WARN_UNGUARDED_AVAILABILITY = YES_AGGRESSIVE;
				CLANG_WARN_UNREACHABLE_CODE = YES;
				CLANG_WARN__DUPLICATE_METHOD_MATCH = YES;
				COPY_PHASE_STRIP = NO;
				DEBUG_INFORMATION_FORMAT = "dwarf-with-dsym";
				ENABLE_NS_ASSERTIONS = NO;
				ENABLE_STRICT_OBJC_MSGSEND = YES;
				GCC_C_LANGUAGE_STANDARD = gnu11;
				GCC_NO_COMMON_BLOCKS = YES;
				GCC_WARN_64_TO_32_BIT_CONVERSION = YES;
				GCC_WARN_ABOUT_RETURN_TYPE = YES_ERROR;
				GCC_WARN_UNDECLARED_SELECTOR = YES;
				GCC_WARN_UNINITIALIZED_AUTOS = YES_AGGRESSIVE;
				GCC_WARN_UNUSED_FUNCTION = YES;
				GCC_WARN_UNUSED_VARIABLE = YES;
				IPHONEOS_DEPLOYMENT_TARGET = 16.0;
				MTL_ENABLE_DEBUG_INFO = NO;
				MTL_FAST_MATH = YES;
				SDKROOT = iphoneos;
				SWIFT_COMPILATION_MODE = wholemodule;
				SWIFT_OPTIMIZATION_LEVEL = "-O";
				VALIDATE_PRODUCT = YES;
			};
			name = Release;
		};
		76DC21F42A176DB80038D0C8 /* Debug */ = {
			isa = XCBuildConfiguration;
			buildSettings = {
				ASSETCATALOG_COMPILER_APPICON_NAME = AppIcon;
				ASSETCATALOG_COMPILER_GLOBAL_ACCENT_COLOR_NAME = AccentColor;
				CODE_SIGN_STYLE = Automatic;
				CURRENT_PROJECT_VERSION = 1;
				DEVELOPMENT_ASSET_PATHS = "\"FlowerID/Preview Content\"";
				DEVELOPMENT_TEAM = D88927NS3V;
				ENABLE_PREVIEWS = YES;
				GENERATE_INFOPLIST_FILE = YES;
				INFOPLIST_KEY_CFBundleDisplayName = Flowie;
				INFOPLIST_KEY_NSCameraUsageDescription = test;
				INFOPLIST_KEY_UIApplicationSceneManifest_Generation = YES;
				INFOPLIST_KEY_UIApplicationSupportsIndirectInputEvents = YES;
				INFOPLIST_KEY_UILaunchScreen_Generation = YES;
				INFOPLIST_KEY_UISupportedInterfaceOrientations_iPad = "UIInterfaceOrientationPortrait UIInterfaceOrientationPortraitUpsideDown UIInterfaceOrientationLandscapeLeft UIInterfaceOrientationLandscapeRight";
				INFOPLIST_KEY_UISupportedInterfaceOrientations_iPhone = "UIInterfaceOrientationPortrait UIInterfaceOrientationLandscapeLeft UIInterfaceOrientationLandscapeRight";
				LD_RUNPATH_SEARCH_PATHS = (
					"$(inherited)",
					"@executable_path/Frameworks",
				);
				MARKETING_VERSION = 1.0;
				PRODUCT_BUNDLE_IDENTIFIER = Audrey.FlowerID;
				PRODUCT_NAME = "$(TARGET_NAME)";
				SWIFT_EMIT_LOC_STRINGS = YES;
				SWIFT_VERSION = 5.0;
				TARGETED_DEVICE_FAMILY = "1,2";
			};
			name = Debug;
		};
		76DC21F52A176DB80038D0C8 /* Release */ = {
			isa = XCBuildConfiguration;
			buildSettings = {
				ASSETCATALOG_COMPILER_APPICON_NAME = AppIcon;
				ASSETCATALOG_COMPILER_GLOBAL_ACCENT_COLOR_NAME = AccentColor;
				CODE_SIGN_STYLE = Automatic;
				CURRENT_PROJECT_VERSION = 1;
				DEVELOPMENT_ASSET_PATHS = "\"FlowerID/Preview Content\"";
				DEVELOPMENT_TEAM = D88927NS3V;
				ENABLE_PREVIEWS = YES;
				GENERATE_INFOPLIST_FILE = YES;
				INFOPLIST_KEY_CFBundleDisplayName = Flowie;
				INFOPLIST_KEY_NSCameraUsageDescription = test;
				INFOPLIST_KEY_UIApplicationSceneManifest_Generation = YES;
				INFOPLIST_KEY_UIApplicationSupportsIndirectInputEvents = YES;
				INFOPLIST_KEY_UILaunchScreen_Generation = YES;
				INFOPLIST_KEY_UISupportedInterfaceOrientations_iPad = "UIInterfaceOrientationPortrait UIInterfaceOrientationPortraitUpsideDown UIInterfaceOrientationLandscapeLeft UIInterfaceOrientationLandscapeRight";
				INFOPLIST_KEY_UISupportedInterfaceOrientations_iPhone = "UIInterfaceOrientationPortrait UIInterfaceOrientationLandscapeLeft UIInterfaceOrientationLandscapeRight";
				LD_RUNPATH_SEARCH_PATHS = (
					"$(inherited)",
					"@executable_path/Frameworks",
				);
				MARKETING_VERSION = 1.0;
				PRODUCT_BUNDLE_IDENTIFIER = Audrey.FlowerID;
				PRODUCT_NAME = "$(TARGET_NAME)";
				SWIFT_EMIT_LOC_STRINGS = YES;
				SWIFT_VERSION = 5.0;
				TARGETED_DEVICE_FAMILY = "1,2";
			};
			name = Release;
		};
/* End XCBuildConfiguration section */

/* Begin XCConfigurationList section */
		76DC21E02A176DB60038D0C8 /* Build configuration list for PBXProject "FlowerID" */ = {
			isa = XCConfigurationList;
			buildConfigurations = (
				76DC21F12A176DB80038D0C8 /* Debug */,
				76DC21F22A176DB80038D0C8 /* Release */,
			);
			defaultConfigurationIsVisible = 0;
			defaultConfigurationName = Release;
		};
		76DC21F32A176DB80038D0C8 /* Build configuration list for PBXNativeTarget "FlowerID" */ = {
			isa = XCConfigurationList;
			buildConfigurations = (
				76DC21F42A176DB80038D0C8 /* Debug */,
				76DC21F52A176DB80038D0C8 /* Release */,
			);
			defaultConfigurationIsVisible = 0;
			defaultConfigurationName = Release;
		};
/* End XCConfigurationList section */
	};
	rootObject = 76DC21DD2A176DB60038D0C8 /* Project object */;
}
